
Microsoft Visual Studio Solution File, Format Version 12.00
# Visual Studio Version 17
VisualStudioVersion = 17.0.31912.275
MinimumVisualStudioVersion = 10.0.40219.1
Project("{FAE04EC0-301F-11D3-BF4B-00C04F79EFBC}") = "Barcelona", "Barcelona\Barcelona.csproj", "{D1CB14DD-4642-4B6B-8431-693365268858}"
EndProject
Global
	GlobalSection(SolutionConfigurationPlatforms) = preSolution
		Debug|Any CPU = Debug|Any CPU
		Release|Any CPU = Release|Any CPU
	EndGlobalSection
	GlobalSection(ProjectConfigurationPlatforms) = postSolution
		{D1CB14DD-4642-4B6B-8431-693365268858}.Debug|Any CPU.ActiveCfg = Debug|Any CPU
		{D1CB14DD-4642-4B6B-8431-693365268858}.Debug|Any CPU.Build.0 = Debug|Any CPU
		{D1CB14DD-4642-4B6B-8431-693365268858}.Release|Any CPU.ActiveCfg = Release|Any CPU
		{D1CB14DD-4642-4B6B-8431-693365268858}.Release|Any CPU.Build.0 = Release|Any CPU
	EndGlobalSection
	GlobalSection(SolutionProperties) = preSolution
		HideSolutionNode = FALSE
	EndGlobalSection
	GlobalSection(ExtensibilityGlobals) = postSolution
		SolutionGuid = {BD385C00-1335-4A9A-BA44-83E2C09AF5A7}
	EndGlobalSection
EndGlobal
